
Microsoft Visual Studio Solution File, Format Version 12.00
# Visual Studio Version 17
VisualStudioVersion = 17.3.32825.248
MinimumVisualStudioVersion = 10.0.40219.1
Project("{FAE04EC0-301F-11D3-BF4B-00C04F79EFBC}") = "Exercise1", "Exercise1\Exercise1.csproj", "{6B880535-DA50-4023-A6E7-2C3870C5040B}"
EndProject
Project("{FAE04EC0-301F-11D3-BF4B-00C04F79EFBC}") = "Exercise2", "Exercise2\Exercise2.csproj", "{4614A439-5E93-44F6-B2A6-A52D0BB05560}"
EndProject
Project("{FAE04EC0-301F-11D3-BF4B-00C04F79EFBC}") = "Exercise3", "Exercise3\Exercise3.csproj", "{F0F6FFD0-3650-4E27-BE96-BB1C4B7D9850}"
EndProject
Project("{FAE04EC0-301F-11D3-BF4B-00C04F79EFBC}") = "Exercise4", "Exercise4\Exercise4.csproj", "{D271EF59-8CAB-4083-9B2E-F3BB4BF5CCF2}"
EndProject
Global
	GlobalSection(SolutionConfigurationPlatforms) = preSolution
		Debug|Any CPU = Debug|Any CPU
		Release|Any CPU = Release|Any CPU
	EndGlobalSection
	GlobalSection(ProjectConfigurationPlatforms) = postSolution
		{6B880535-DA50-4023-A6E7-2C3870C5040B}.Debug|Any CPU.ActiveCfg = Debug|Any CPU
		{6B880535-DA50-4023-A6E7-2C3870C5040B}.Debug|Any CPU.Build.0 = Debug|Any CPU
		{6B880535-DA50-4023-A6E7-2C3870C5040B}.Release|Any CPU.ActiveCfg = Release|Any CPU
		{6B880535-DA50-4023-A6E7-2C3870C5040B}.Release|Any CPU.Build.0 = Release|Any CPU
		{4614A439-5E93-44F6-B2A6-A52D0BB05560}.Debug|Any CPU.ActiveCfg = Debug|Any CPU
		{4614A439-5E93-44F6-B2A6-A52D0BB05560}.Debug|Any CPU.Build.0 = Debug|Any CPU
		{4614A439-5E93-44F6-B2A6-A52D0BB05560}.Release|Any CPU.ActiveCfg = Release|Any CPU
		{4614A439-5E93-44F6-B2A6-A52D0BB05560}.Release|Any CPU.Build.0 = Release|Any CPU
		{F0F6FFD0-3650-4E27-BE96-BB1C4B7D9850}.Debug|Any CPU.ActiveCfg = Debug|Any CPU
		{F0F6FFD0-3650-4E27-BE96-BB1C4B7D9850}.Debug|Any CPU.Build.0 = Debug|Any CPU
		{F0F6FFD0-3650-4E27-BE96-BB1C4B7D9850}.Release|Any CPU.ActiveCfg = Release|Any CPU
		{F0F6FFD0-3650-4E27-BE96-BB1C4B7D9850}.Release|Any CPU.Build.0 = Release|Any CPU
		{D271EF59-8CAB-4083-9B2E-F3BB4BF5CCF2}.Debug|Any CPU.ActiveCfg = Debug|Any CPU
		{D271EF59-8CAB-4083-9B2E-F3BB4BF5CCF2}.Debug|Any CPU.Build.0 = Debug|Any CPU
		{D271EF59-8CAB-4083-9B2E-F3BB4BF5CCF2}.Release|Any CPU.ActiveCfg = Release|Any CPU
		{D271EF59-8CAB-4083-9B2E-F3BB4BF5CCF2}.Release|Any CPU.Build.0 = Release|Any CPU
	EndGlobalSection
	GlobalSection(SolutionProperties) = preSolution
		HideSolutionNode = FALSE
	EndGlobalSection
	GlobalSection(ExtensibilityGlobals) = postSolution
		SolutionGuid = {EEEB7001-E63D-4442-9526-F847BDAFFF40}
	EndGlobalSection
EndGlobal
